{
  "requires": true,
  "lockfileVersion": 1,
  "dependencies": {
    "@ngrx/entity": {
      "version": "7.2.0",
      "resolved": "https://registry.npmjs.org/@ngrx/entity/-/entity-7.2.0.tgz",
      "integrity": "sha512-DaHBRSVHJ0tJtJkTswZNKCxp6CuD49gTsD4C29MpLK72oR0UPBlbJGyPPS2CroEXqOX0rfq85P9lun0NL8FZWA=="
    }
  }
}
